# THIS IS AN AUTOGENERATED FILE. DO NOT EDIT THIS FILE DIRECTLY.
# yarn lockfile v1


"@rbxts/compiler-types@^2.1.1-types.0":
  version "2.1.1-types.0"
  resolved "https://registry.yarnpkg.com/@rbxts/compiler-types/-/compiler-types-2.1.1-types.0.tgz#a1f02b57402dffec474dd6656ec1d8a897b9756b"
  integrity sha512-wBRma9MgPbOxvCaQEUvraHLHAmLFGW9R6fT65+MBu3uCYM6vUNWj8l4dHRxgkUK8lnGYdGWxsr/sZFk8sdvwog==

"@rbxts/types@^1.0.712":
  version "1.0.712"
  resolved "https://registry.yarnpkg.com/@rbxts/types/-/types-1.0.712.tgz#ef5a9117ab6c18d5dfe3c390b4c5be15eb9e84ad"
  integrity sha512-AgEJ2VR97orMr7y/ieIvd6G7OBE1rjP46w1fboal7ARLny2Ddg6StBdnwIG2p8BxTsH5WTtC/xGERQGy3Fe49g==

typescript@^5.2.2:
  version "5.2.2"
  resolved "https://registry.yarnpkg.com/typescript/-/typescript-5.2.2.tgz#5ebb5e5a5b75f085f22bc3f8460fba308310fa78"
  integrity sha512-mI4WrpHsbCIcwT9cF4FZvr80QUeKvsUsUvKDoR+X/7XHQH98xYD8YHZg7ANtz2GtZt/CBq2QJ0thkGJMHfqc1w==
