# THIS IS AN AUTOGENERATED FILE. DO NOT EDIT THIS FILE DIRECTLY.
# yarn lockfile v1


"@rbxts/compiler-types@^2.1.0-types.1":
  version "2.1.0-types.1"
  resolved "https://registry.yarnpkg.com/@rbxts/compiler-types/-/compiler-types-2.1.0-types.1.tgz#60eb32109fc2299826fd5d1e8f4e7cfc08d9a5ae"
  integrity sha512-+ztwutzuNivWsgsERiC7n5il4C5gfJUuGJUmXYRq8FwY4ye3aupRi9RocmyAHq6255sO7z+RM61AVbqx3llsLQ==

"@rbxts/types@^1.0.702":
  version "1.0.702"
  resolved "https://registry.yarnpkg.com/@rbxts/types/-/types-1.0.702.tgz#956c9d14801eaf4f147972b52b4079579ce97c72"
  integrity sha512-uXJ9vhyDsXCajbgOxXJYS3M9spd6YzxMBzvfLdNAQLjY0+SYm6x/4Ueul6I8FkfcWOpH3J4TJQOH4N9U1L50Qg==

typescript@^5.1.6:
  version "5.1.6"
  resolved "https://registry.yarnpkg.com/typescript/-/typescript-5.1.6.tgz#02f8ac202b6dad2c0dd5e0913745b47a37998274"
  integrity sha512-zaWCozRZ6DLEWAWFrVDz1H6FVXzUSfTy5FUMWsQlU8Ym5JP9eO4xkTIROFCQvhQf61z6O/G6ugw3SgAnvvm+HA==
